
Microsoft Visual Studio Solution File, Format Version 12.00
# Visual Studio Version 16
VisualStudioVersion = 16.0.30225.117
MinimumVisualStudioVersion = 10.0.40219.1
Project("{FAE04EC0-301F-11D3-BF4B-00C04F79EFBC}") = "TodoApi", "TodoApi.csproj", "{0F58167E-8921-4053-A594-6471EA88639A}"
EndProject
Global
	GlobalSection(SolutionConfigurationPlatforms) = preSolution
		Debug|Any CPU = Debug|Any CPU
		Release|Any CPU = Release|Any CPU
	EndGlobalSection
	GlobalSection(ProjectConfigurationPlatforms) = postSolution
		{0F58167E-8921-4053-A594-6471EA88639A}.Debug|Any CPU.ActiveCfg = Debug|Any CPU
		{0F58167E-8921-4053-A594-6471EA88639A}.Debug|Any CPU.Build.0 = Debug|Any CPU
		{0F58167E-8921-4053-A594-6471EA88639A}.Release|Any CPU.ActiveCfg = Release|Any CPU
		{0F58167E-8921-4053-A594-6471EA88639A}.Release|Any CPU.Build.0 = Release|Any CPU
	EndGlobalSection
	GlobalSection(SolutionProperties) = preSolution
		HideSolutionNode = FALSE
	EndGlobalSection
	GlobalSection(ExtensibilityGlobals) = postSolution
		SolutionGuid = {0949FF4A-929C-4A3B-AC25-24E135A66749}
	EndGlobalSection
EndGlobal
