
Microsoft Visual Studio Solution File, Format Version 12.00
# Visual Studio Version 16
VisualStudioVersion = 16.0.30225.117
MinimumVisualStudioVersion = 10.0.40219.1
Project("{FAE04EC0-301F-11D3-BF4B-00C04F79EFBC}") = "RazorPagesMovies", "RazorPagesMovies.csproj", "{EA21735F-AA5B-48FA-86BF-90F5B39C466C}"
EndProject
Global
	GlobalSection(SolutionConfigurationPlatforms) = preSolution
		Debug|Any CPU = Debug|Any CPU
		Release|Any CPU = Release|Any CPU
	EndGlobalSection
	GlobalSection(ProjectConfigurationPlatforms) = postSolution
		{EA21735F-AA5B-48FA-86BF-90F5B39C466C}.Debug|Any CPU.ActiveCfg = Debug|Any CPU
		{EA21735F-AA5B-48FA-86BF-90F5B39C466C}.Debug|Any CPU.Build.0 = Debug|Any CPU
		{EA21735F-AA5B-48FA-86BF-90F5B39C466C}.Release|Any CPU.ActiveCfg = Release|Any CPU
		{EA21735F-AA5B-48FA-86BF-90F5B39C466C}.Release|Any CPU.Build.0 = Release|Any CPU
	EndGlobalSection
	GlobalSection(SolutionProperties) = preSolution
		HideSolutionNode = FALSE
	EndGlobalSection
	GlobalSection(ExtensibilityGlobals) = postSolution
		SolutionGuid = {17289B6B-697B-48C0-8BBB-BDA9B3600FC9}
	EndGlobalSection
EndGlobal
